Microsoft Visual Studio Solution File, Format Version 12.00
# Visual Studio Version 17
VisualStudioVersion = 17.5.2.0
MinimumVisualStudioVersion = 10.0.40219.1
Project("{FAE04EC0-301F-11D3-BF4B-00C04F79EFBC}") = "Projeto.Antonio.31", "Projeto.Antonio.31.csproj", "{0590C104-3E63-8E7A-9EFE-9E0E9AA33E5C}"
EndProject
Global
	GlobalSection(SolutionConfigurationPlatforms) = preSolution
		Debug|Any CPU = Debug|Any CPU
		Release|Any CPU = Release|Any CPU
	EndGlobalSection
	GlobalSection(ProjectConfigurationPlatforms) = postSolution
		{0590C104-3E63-8E7A-9EFE-9E0E9AA33E5C}.Debug|Any CPU.ActiveCfg = Debug|Any CPU
		{0590C104-3E63-8E7A-9EFE-9E0E9AA33E5C}.Debug|Any CPU.Build.0 = Debug|Any CPU
		{0590C104-3E63-8E7A-9EFE-9E0E9AA33E5C}.Release|Any CPU.ActiveCfg = Release|Any CPU
		{0590C104-3E63-8E7A-9EFE-9E0E9AA33E5C}.Release|Any CPU.Build.0 = Release|Any CPU
	EndGlobalSection
	GlobalSection(SolutionProperties) = preSolution
		HideSolutionNode = FALSE
	EndGlobalSection
	GlobalSection(ExtensibilityGlobals) = postSolution
		SolutionGuid = {1C101438-27A7-4408-9E73-55C1736C5C45}
	EndGlobalSection
EndGlobal
